// !$*UTF8*$!
{
	archiveVersion = 1;
	classes = {
	};
	objectVersion = 77;
	objects = {

/* Begin PBXBuildFile section */
		046F51FE2DF72A1000AC661D /* WidgetKit.framework in Frameworks */ = {isa = PBXBuildFile; fileRef = 046F51FD2DF72A0F00AC661D /* WidgetKit.framework */; };
		046F52002DF72A1000AC661D /* SwiftUI.framework in Frameworks */ = {isa = PBXBuildFile; fileRef = 046F51FF2DF72A1000AC661D /* SwiftUI.framework */; };
		046F520F2DF72A1400AC661D /* TOMOWidgetExtension.appex in Embed Foundation Extensions */ = {isa = PBXBuildFile; fileRef = 046F51FB2DF72A0F00AC661D /* TOMOWidgetExtension.appex */; settings = {ATTRIBUTES = (RemoveHeadersOnCopy, ); }; };
		046F52182DF84C9000AC661D /* AppConstants.swift in Sources */ = {isa = PBXBuildFile; fileRef = 046F52172DF84C9000AC661D /* AppConstants.swift */; };
		046F521F2DF84F0400AC661D /* AppConstants.swift in Sources */ = {isa = PBXBuildFile; fileRef = 046F52172DF84C9000AC661D /* AppConstants.swift */; };
		046F52332DF9D91300AC661D /* FSCalendarRepresentable.swift in Sources */ = {isa = PBXBuildFile; fileRef = 046F52322DF9D91300AC661D /* FSCalendarRepresentable.swift */; };
		046F52342DF9D91300AC661D /* FSCalendarRepresentable.swift in Sources */ = {isa = PBXBuildFile; fileRef = 046F52322DF9D91300AC661D /* FSCalendarRepresentable.swift */; };
		046F52362DF9D98D00AC661D /* FSCalendar in Frameworks */ = {isa = PBXBuildFile; productRef = 046F52352DF9D98D00AC661D /* FSCalendar */; };
		046F52382DF9D99C00AC661D /* FSCalendar in Frameworks */ = {isa = PBXBuildFile; productRef = 046F52372DF9D99C00AC661D /* FSCalendar */; };
		0484B44F2DFABDA400B336D3 /* GoogleService-Info.plist in Resources */ = {isa = PBXBuildFile; fileRef = 0484B44E2DFABDA400B336D3 /* GoogleService-Info.plist */; };
		0484B4532DFAC90400B336D3 /* FirebaseCore in Frameworks */ = {isa = PBXBuildFile; productRef = 0484B4522DFAC90400B336D3 /* FirebaseCore */; };
		0484B4552DFAC90400B336D3 /* FirebaseFirestore in Frameworks */ = {isa = PBXBuildFile; productRef = 0484B4542DFAC90400B336D3 /* FirebaseFirestore */; };
		0484B4572DFAC90400B336D3 /* FirebaseFunctions in Frameworks */ = {isa = PBXBuildFile; productRef = 0484B4562DFAC90400B336D3 /* FirebaseFunctions */; };
/* End PBXBuildFile section */

/* Begin PBXContainerItemProxy section */
		046F520D2DF72A1400AC661D /* PBXContainerItemProxy */ = {
			isa = PBXContainerItemProxy;
			containerPortal = 046F51C92DF6BA2D00AC661D /* Project object */;
			proxyType = 1;
			remoteGlobalIDString = 046F51FA2DF72A0F00AC661D;
			remoteInfo = TOMOWidgetExtension;
		};
/* End PBXContainerItemProxy section */

/* Begin PBXCopyFilesBuildPhase section */
		046F52142DF72A1400AC661D /* Embed Foundation Extensions */ = {
			isa = PBXCopyFilesBuildPhase;
			buildActionMask = 2147483647;
			dstPath = "";
			dstSubfolderSpec = 13;
			files = (
				046F520F2DF72A1400AC661D /* TOMOWidgetExtension.appex in Embed Foundation Extensions */,
			);
			name = "Embed Foundation Extensions";
			runOnlyForDeploymentPostprocessing = 0;
		};
/* End PBXCopyFilesBuildPhase section */

/* Begin PBXFileReference section */
		046F51D12DF6BA2D00AC661D /* TOMO.app */ = {isa = PBXFileReference; explicitFileType = wrapper.application; includeInIndex = 0; path = TOMO.app; sourceTree = BUILT_PRODUCTS_DIR; };
		046F51FB2DF72A0F00AC661D /* TOMOWidgetExtension.appex */ = {isa = PBXFileReference; explicitFileType = "wrapper.app-extension"; includeInIndex = 0; path = TOMOWidgetExtension.appex; sourceTree = BUILT_PRODUCTS_DIR; };
		046F51FD2DF72A0F00AC661D /* WidgetKit.framework */ = {isa = PBXFileReference; lastKnownFileType = wrapper.framework; name = WidgetKit.framework; path = System/Library/Frameworks/WidgetKit.framework; sourceTree = SDKROOT; };
		046F51FF2DF72A1000AC661D /* SwiftUI.framework */ = {isa = PBXFileReference; lastKnownFileType = wrapper.framework; name = SwiftUI.framework; path = System/Library/Frameworks/SwiftUI.framework; sourceTree = SDKROOT; };
		046F52152DF7FCC400AC661D /* TOMOWidgetExtension.entitlements */ = {isa = PBXFileReference; lastKnownFileType = text.plist.entitlements; path = TOMOWidgetExtension.entitlements; sourceTree = "<group>"; };
		046F52172DF84C9000AC661D /* AppConstants.swift */ = {isa = PBXFileReference; lastKnownFileType = sourcecode.swift; path = AppConstants.swift; sourceTree = "<group>"; };
		046F52322DF9D91300AC661D /* FSCalendarRepresentable.swift */ = {isa = PBXFileReference; lastKnownFileType = sourcecode.swift; path = FSCalendarRepresentable.swift; sourceTree = "<group>"; };
		0484B44E2DFABDA400B336D3 /* GoogleService-Info.plist */ = {isa = PBXFileReference; lastKnownFileType = text.plist.xml; path = "GoogleService-Info.plist"; sourceTree = "<group>"; };
/* End PBXFileReference section */

/* Begin PBXFileSystemSynchronizedBuildFileExceptionSet section */
		046F52102DF72A1400AC661D /* Exceptions for "TOMOWidget" folder in "TOMOWidgetExtension" target */ = {
			isa = PBXFileSystemSynchronizedBuildFileExceptionSet;
			membershipExceptions = (
				Info.plist,
			);
			target = 046F51FA2DF72A0F00AC661D /* TOMOWidgetExtension */;
		};
		046F52212DF84FAA00AC661D /* Exceptions for "TOMO" folder in "TOMOWidgetExtension" target */ = {
			isa = PBXFileSystemSynchronizedBuildFileExceptionSet;
			membershipExceptions = (
				Models/Quote.swift,
				Models/User.swift,
				"Resources/고양일산 L.TTF",
				"Resources/고양일산 R.TTF",
				"Resources/조선일보명조.ttf",
				Services/QuoteService.swift,
				ViewModels/QuoteViewModel.swift,
				Views/HistoryCalendarView.swift,
				Views/MemoEditView.swift,
				Views/TodayQuoteView.swift,
			);
			target = 046F51FA2DF72A0F00AC661D /* TOMOWidgetExtension */;
		};
		046F52292DF85A5200AC661D /* Exceptions for "TOMO" folder in "TOMO" target */ = {
			isa = PBXFileSystemSynchronizedBuildFileExceptionSet;
			membershipExceptions = (
				Info.plist,
			);
			target = 046F51D02DF6BA2D00AC661D /* TOMO */;
		};
/* End PBXFileSystemSynchronizedBuildFileExceptionSet section */

/* Begin PBXFileSystemSynchronizedRootGroup section */
		046F51D32DF6BA2D00AC661D /* TOMO */ = {
			isa = PBXFileSystemSynchronizedRootGroup;
			exceptions = (
				046F52292DF85A5200AC661D /* Exceptions for "TOMO" folder in "TOMO" target */,
				046F52212DF84FAA00AC661D /* Exceptions for "TOMO" folder in "TOMOWidgetExtension" target */,
			);
			path = TOMO;
			sourceTree = "<group>";
		};
		046F52012DF72A1000AC661D /* TOMOWidget */ = {
			isa = PBXFileSystemSynchronizedRootGroup;
			exceptions = (
				046F52102DF72A1400AC661D /* Exceptions for "TOMOWidget" folder in "TOMOWidgetExtension" target */,
			);
			path = TOMOWidget;
			sourceTree = "<group>";
		};
/* End PBXFileSystemSynchronizedRootGroup section */

/* Begin PBXFrameworksBuildPhase section */
		046F51CE2DF6BA2D00AC661D /* Frameworks */ = {
			isa = PBXFrameworksBuildPhase;
			buildActionMask = 2147483647;
			files = (
				0484B4532DFAC90400B336D3 /* FirebaseCore in Frameworks */,
				046F52382DF9D99C00AC661D /* FSCalendar in Frameworks */,
				0484B4552DFAC90400B336D3 /* FirebaseFirestore in Frameworks */,
				0484B4572DFAC90400B336D3 /* FirebaseFunctions in Frameworks */,
			);
			runOnlyForDeploymentPostprocessing = 0;
		};
		046F51F82DF72A0F00AC661D /* Frameworks */ = {
			isa = PBXFrameworksBuildPhase;
			buildActionMask = 2147483647;
			files = (
				046F52002DF72A1000AC661D /* SwiftUI.framework in Frameworks */,
				046F52362DF9D98D00AC661D /* FSCalendar in Frameworks */,
				046F51FE2DF72A1000AC661D /* WidgetKit.framework in Frameworks */,
			);
			runOnlyForDeploymentPostprocessing = 0;
		};
/* End PBXFrameworksBuildPhase section */

/* Begin PBXGroup section */
		046F51C82DF6BA2D00AC661D = {
			isa = PBXGroup;
			children = (
				046F52322DF9D91300AC661D /* FSCalendarRepresentable.swift */,
				046F52172DF84C9000AC661D /* AppConstants.swift */,
				046F52152DF7FCC400AC661D /* TOMOWidgetExtension.entitlements */,
				046F51D32DF6BA2D00AC661D /* TOMO */,
				046F52012DF72A1000AC661D /* TOMOWidget */,
				046F51FC2DF72A0F00AC661D /* Frameworks */,
				046F51D22DF6BA2D00AC661D /* Products */,
				0484B44E2DFABDA400B336D3 /* GoogleService-Info.plist */,
			);
			sourceTree = "<group>";
		};
		046F51D22DF6BA2D00AC661D /* Products */ = {
			isa = PBXGroup;
			children = (
				046F51D12DF6BA2D00AC661D /* TOMO.app */,
				046F51FB2DF72A0F00AC661D /* TOMOWidgetExtension.appex */,
			);
			name = Products;
			sourceTree = "<group>";
		};
		046F51FC2DF72A0F00AC661D /* Frameworks */ = {
			isa = PBXGroup;
			children = (
				046F51FD2DF72A0F00AC661D /* WidgetKit.framework */,
				046F51FF2DF72A1000AC661D /* SwiftUI.framework */,
			);
			name = Frameworks;
			sourceTree = "<group>";
		};
/* End PBXGroup section */

/* Begin PBXNativeTarget section */
		046F51D02DF6BA2D00AC661D /* TOMO */ = {
			isa = PBXNativeTarget;
			buildConfigurationList = 046F51DC2DF6BA2F00AC661D /* Build configuration list for PBXNativeTarget "TOMO" */;
			buildPhases = (
				046F51CD2DF6BA2D00AC661D /* Sources */,
				046F51CE2DF6BA2D00AC661D /* Frameworks */,
				046F51CF2DF6BA2D00AC661D /* Resources */,
				046F52142DF72A1400AC661D /* Embed Foundation Extensions */,
			);
			buildRules = (
			);
			dependencies = (
				046F520E2DF72A1400AC661D /* PBXTargetDependency */,
			);
			fileSystemSynchronizedGroups = (
				046F51D32DF6BA2D00AC661D /* TOMO */,
			);
			name = TOMO;
			packageProductDependencies = (
				046F52372DF9D99C00AC661D /* FSCalendar */,
				0484B4522DFAC90400B336D3 /* FirebaseCore */,
				0484B4542DFAC90400B336D3 /* FirebaseFirestore */,
				0484B4562DFAC90400B336D3 /* FirebaseFunctions */,
			);
			productName = TOMO;
			productReference = 046F51D12DF6BA2D00AC661D /* TOMO.app */;
			productType = "com.apple.product-type.application";
		};
		046F51FA2DF72A0F00AC661D /* TOMOWidgetExtension */ = {
			isa = PBXNativeTarget;
			buildConfigurationList = 046F52112DF72A1400AC661D /* Build configuration list for PBXNativeTarget "TOMOWidgetExtension" */;
			buildPhases = (
				046F51F72DF72A0F00AC661D /* Sources */,
				046F51F82DF72A0F00AC661D /* Frameworks */,
				046F51F92DF72A0F00AC661D /* Resources */,
			);
			buildRules = (
			);
			dependencies = (
			);
			fileSystemSynchronizedGroups = (
				046F52012DF72A1000AC661D /* TOMOWidget */,
			);
			name = TOMOWidgetExtension;
			packageProductDependencies = (
				046F52352DF9D98D00AC661D /* FSCalendar */,
			);
			productName = TOMOWidgetExtension;
			productReference = 046F51FB2DF72A0F00AC661D /* TOMOWidgetExtension.appex */;
			productType = "com.apple.product-type.app-extension";
		};
/* End PBXNativeTarget section */

/* Begin PBXProject section */
		046F51C92DF6BA2D00AC661D /* Project object */ = {
			isa = PBXProject;
			attributes = {
				BuildIndependentTargetsInParallel = 1;
				LastSwiftUpdateCheck = 1630;
				LastUpgradeCheck = 1630;
				TargetAttributes = {
					046F51D02DF6BA2D00AC661D = {
						CreatedOnToolsVersion = 16.3;
					};
					046F51FA2DF72A0F00AC661D = {
						CreatedOnToolsVersion = 16.3;
					};
				};
			};
			buildConfigurationList = 046F51CC2DF6BA2D00AC661D /* Build configuration list for PBXProject "TOMO" */;
			developmentRegion = en;
			hasScannedForEncodings = 0;
			knownRegions = (
				en,
				Base,
			);
			mainGroup = 046F51C82DF6BA2D00AC661D;
			minimizedProjectReferenceProxies = 1;
			packageReferences = (
				046F52312DF9D88300AC661D /* XCRemoteSwiftPackageReference "FSCalendar" */,
				0484B4512DFAC90400B336D3 /* XCRemoteSwiftPackageReference "firebase-ios-sdk" */,
			);
			preferredProjectObjectVersion = 77;
			productRefGroup = 046F51D22DF6BA2D00AC661D /* Products */;
			projectDirPath = "";
			projectRoot = "";
			targets = (
				046F51D02DF6BA2D00AC661D /* TOMO */,
				046F51FA2DF72A0F00AC661D /* TOMOWidgetExtension */,
			);
		};
/* End PBXProject section */

/* Begin PBXResourcesBuildPhase section */
		046F51CF2DF6BA2D00AC661D /* Resources */ = {
			isa = PBXResourcesBuildPhase;
			buildActionMask = 2147483647;
			files = (
				0484B44F2DFABDA400B336D3 /* GoogleService-Info.plist in Resources */,
			);
			runOnlyForDeploymentPostprocessing = 0;
		};
		046F51F92DF72A0F00AC661D /* Resources */ = {
			isa = PBXResourcesBuildPhase;
			buildActionMask = 2147483647;
			files = (
			);
			runOnlyForDeploymentPostprocessing = 0;
		};
/* End PBXResourcesBuildPhase section */

/* Begin PBXSourcesBuildPhase section */
		046F51CD2DF6BA2D00AC661D /* Sources */ = {
			isa = PBXSourcesBuildPhase;
			buildActionMask = 2147483647;
			files = (
				046F52342DF9D91300AC661D /* FSCalendarRepresentable.swift in Sources */,
				046F52182DF84C9000AC661D /* AppConstants.swift in Sources */,
			);
			runOnlyForDeploymentPostprocessing = 0;
		};
		046F51F72DF72A0F00AC661D /* Sources */ = {
			isa = PBXSourcesBuildPhase;
			buildActionMask = 2147483647;
			files = (
				046F52332DF9D91300AC661D /* FSCalendarRepresentable.swift in Sources */,
				046F521F2DF84F0400AC661D /* AppConstants.swift in Sources */,
			);
			runOnlyForDeploymentPostprocessing = 0;
		};
/* End PBXSourcesBuildPhase section */

/* Begin PBXTargetDependency section */
		046F520E2DF72A1400AC661D /* PBXTargetDependency */ = {
			isa = PBXTargetDependency;
			target = 046F51FA2DF72A0F00AC661D /* TOMOWidgetExtension */;
			targetProxy = 046F520D2DF72A1400AC661D /* PBXContainerItemProxy */;
		};
/* End PBXTargetDependency section */

/* Begin XCBuildConfiguration section */
		046F51DA2DF6BA2F00AC661D /* Debug */ = {
			isa = XCBuildConfiguration;
			buildSettings = {
				ALWAYS_SEARCH_USER_PATHS = NO;
				ASSETCATALOG_COMPILER_GENERATE_SWIFT_ASSET_SYMBOL_EXTENSIONS = YES;
				CLANG_ANALYZER_NONNULL = YES;
				CLANG_ANALYZER_NUMBER_OBJECT_CONVERSION = YES_AGGRESSIVE;
				CLANG_CXX_LANGUAGE_STANDARD = "gnu++20";
				CLANG_ENABLE_MODULES = YES;
				CLANG_ENABLE_OBJC_ARC = YES;
				CLANG_ENABLE_OBJC_WEAK = YES;
				CLANG_WARN_BLOCK_CAPTURE_AUTORELEASING = YES;
				CLANG_WARN_BOOL_CONVERSION = YES;
				CLANG_WARN_COMMA = YES;
				CLANG_WARN_CONSTANT_CONVERSION = YES;
				CLANG_WARN_DEPRECATED_OBJC_IMPLEMENTATIONS = YES;
				CLANG_WARN_DIRECT_OBJC_ISA_USAGE = YES_ERROR;
				CLANG_WARN_DOCUMENTATION_COMMENTS = YES;
				CLANG_WARN_EMPTY_BODY = YES;
				CLANG_WARN_ENUM_CONVERSION = YES;
				CLANG_WARN_INFINITE_RECURSION = YES;
				CLANG_WARN_INT_CONVERSION = YES;
				CLANG_WARN_NON_LITERAL_NULL_CONVERSION = YES;
				CLANG_WARN_OBJC_IMPLICIT_RETAIN_SELF = YES;
				CLANG_WARN_OBJC_LITERAL_CONVERSION = YES;
				CLANG_WARN_OBJC_ROOT_CLASS = YES_ERROR;
				CLANG_WARN_QUOTED_INCLUDE_IN_FRAMEWORK_HEADER = YES;
				CLANG_WARN_RANGE_LOOP_ANALYSIS = YES;
				CLANG_WARN_STRICT_PROTOTYPES = YES;
				CLANG_WARN_SUSPICIOUS_MOVE = YES;
				CLANG_WARN_UNGUARDED_AVAILABILITY = YES_AGGRESSIVE;
				CLANG_WARN_UNREACHABLE_CODE = YES;
				CLANG_WARN__DUPLICATE_METHOD_MATCH = YES;
				COPY_PHASE_STRIP = NO;
				DEBUG_INFORMATION_FORMAT = dwarf;
				DEVELOPMENT_TEAM = BYJ3PV93Y9;
				ENABLE_STRICT_OBJC_MSGSEND = YES;
				ENABLE_TESTABILITY = YES;
				ENABLE_USER_SCRIPT_SANDBOXING = YES;
				GCC_C_LANGUAGE_STANDARD = gnu17;
				GCC_DYNAMIC_NO_PIC = NO;
				GCC_NO_COMMON_BLOCKS = YES;
				GCC_OPTIMIZATION_LEVEL = 0;
				GCC_PREPROCESSOR_DEFINITIONS = (
					"DEBUG=1",
					"$(inherited)",
				);
				GCC_WARN_64_TO_32_BIT_CONVERSION = YES;
				GCC_WARN_ABOUT_RETURN_TYPE = YES_ERROR;
				GCC_WARN_UNDECLARED_SELECTOR = YES;
				GCC_WARN_UNINITIALIZED_AUTOS = YES_AGGRESSIVE;
				GCC_WARN_UNUSED_FUNCTION = YES;
				GCC_WARN_UNUSED_VARIABLE = YES;
				IPHONEOS_DEPLOYMENT_TARGET = 18.4;
				LOCALIZATION_PREFERS_STRING_CATALOGS = YES;
				MTL_ENABLE_DEBUG_INFO = INCLUDE_SOURCE;
				MTL_FAST_MATH = YES;
				ONLY_ACTIVE_ARCH = YES;
				SDKROOT = iphoneos;
				SWIFT_ACTIVE_COMPILATION_CONDITIONS = "DEBUG $(inherited)";
				SWIFT_OPTIMIZATION_LEVEL = "-Onone";
			};
			name = Debug;
		};
		046F51DB2DF6BA2F00AC661D /* Release */ = {
			isa = XCBuildConfiguration;
			buildSettings = {
				ALWAYS_SEARCH_USER_PATHS = NO;
				ASSETCATALOG_COMPILER_GENERATE_SWIFT_ASSET_SYMBOL_EXTENSIONS = YES;
				CLANG_ANALYZER_NONNULL = YES;
				CLANG_ANALYZER_NUMBER_OBJECT_CONVERSION = YES_AGGRESSIVE;
				CLANG_CXX_LANGUAGE_STANDARD = "gnu++20";
				CLANG_ENABLE_MODULES = YES;
				CLANG_ENABLE_OBJC_ARC = YES;
				CLANG_ENABLE_OBJC_WEAK = YES;
				CLANG_WARN_BLOCK_CAPTURE_AUTORELEASING = YES;
				CLANG_WARN_BOOL_CONVERSION = YES;
				CLANG_WARN_COMMA = YES;
				CLANG_WARN_CONSTANT_CONVERSION = YES;
				CLANG_WARN_DEPRECATED_OBJC_IMPLEMENTATIONS = YES;
				CLANG_WARN_DIRECT_OBJC_ISA_USAGE = YES_ERROR;
				CLANG_WARN_DOCUMENTATION_COMMENTS = YES;
				CLANG_WARN_EMPTY_BODY = YES;
				CLANG_WARN_ENUM_CONVERSION = YES;
				CLANG_WARN_INFINITE_RECURSION = YES;
				CLANG_WARN_INT_CONVERSION = YES;
				CLANG_WARN_NON_LITERAL_NULL_CONVERSION = YES;
				CLANG_WARN_OBJC_IMPLICIT_RETAIN_SELF = YES;
				CLANG_WARN_OBJC_LITERAL_CONVERSION = YES;
				CLANG_WARN_OBJC_ROOT_CLASS = YES_ERROR;
				CLANG_WARN_QUOTED_INCLUDE_IN_FRAMEWORK_HEADER = YES;
				CLANG_WARN_RANGE_LOOP_ANALYSIS = YES;
				CLANG_WARN_STRICT_PROTOTYPES = YES;
				CLANG_WARN_SUSPICIOUS_MOVE = YES;
				CLANG_WARN_UNGUARDED_AVAILABILITY = YES_AGGRESSIVE;
				CLANG_WARN_UNREACHABLE_CODE = YES;
				CLANG_WARN__DUPLICATE_METHOD_MATCH = YES;
				COPY_PHASE_STRIP = NO;
				DEBUG_INFORMATION_FORMAT = "dwarf-with-dsym";
				DEVELOPMENT_TEAM = BYJ3PV93Y9;
				ENABLE_NS_ASSERTIONS = NO;
				ENABLE_STRICT_OBJC_MSGSEND = YES;
				ENABLE_USER_SCRIPT_SANDBOXING = YES;
				GCC_C_LANGUAGE_STANDARD = gnu17;
				GCC_NO_COMMON_BLOCKS = YES;
				GCC_WARN_64_TO_32_BIT_CONVERSION = YES;
				GCC_WARN_ABOUT_RETURN_TYPE = YES_ERROR;
				GCC_WARN_UNDECLARED_SELECTOR = YES;
				GCC_WARN_UNINITIALIZED_AUTOS = YES_AGGRESSIVE;
				GCC_WARN_UNUSED_FUNCTION = YES;
				GCC_WARN_UNUSED_VARIABLE = YES;
				IPHONEOS_DEPLOYMENT_TARGET = 18.4;
				LOCALIZATION_PREFERS_STRING_CATALOGS = YES;
				MTL_ENABLE_DEBUG_INFO = NO;
				MTL_FAST_MATH = YES;
				SDKROOT = iphoneos;
				SWIFT_COMPILATION_MODE = wholemodule;
				VALIDATE_PRODUCT = YES;
			};
			name = Release;
		};
		046F51DD2DF6BA2F00AC661D /* Debug */ = {
			isa = XCBuildConfiguration;
			buildSettings = {
				ASSETCATALOG_COMPILER_APPICON_NAME = AppIcon;
				ASSETCATALOG_COMPILER_GLOBAL_ACCENT_COLOR_NAME = AccentColor;
				CODE_SIGN_ENTITLEMENTS = TOMO/TOMO.entitlements;
				CODE_SIGN_STYLE = Automatic;
				CURRENT_PROJECT_VERSION = 1;
				DEVELOPMENT_TEAM = BYJ3PV93Y9;
				ENABLE_PREVIEWS = YES;
				GENERATE_INFOPLIST_FILE = YES;
				INFOPLIST_FILE = TOMO/Info.plist;
				INFOPLIST_KEY_UIApplicationSceneManifest_Generation = YES;
				INFOPLIST_KEY_UIApplicationSupportsIndirectInputEvents = YES;
				INFOPLIST_KEY_UILaunchScreen_Generation = YES;
				INFOPLIST_KEY_UISupportedInterfaceOrientations_iPad = "UIInterfaceOrientationPortrait UIInterfaceOrientationPortraitUpsideDown UIInterfaceOrientationLandscapeLeft UIInterfaceOrientationLandscapeRight";
				INFOPLIST_KEY_UISupportedInterfaceOrientations_iPhone = "UIInterfaceOrientationPortrait UIInterfaceOrientationLandscapeLeft UIInterfaceOrientationLandscapeRight";
				LD_RUNPATH_SEARCH_PATHS = (
					"$(inherited)",
					"@executable_path/Frameworks",
				);
				MARKETING_VERSION = 1.0;
				PRODUCT_BUNDLE_IDENTIFIER = geonu.hansung.ac.kr.TOMO;
				PRODUCT_NAME = "$(TARGET_NAME)";
				SWIFT_EMIT_LOC_STRINGS = YES;
				SWIFT_VERSION = 5.0;
				TARGETED_DEVICE_FAMILY = "1,2";
			};
			name = Debug;
		};
		046F51DE2DF6BA2F00AC661D /* Release */ = {
			isa = XCBuildConfiguration;
			buildSettings = {
				ASSETCATALOG_COMPILER_APPICON_NAME = AppIcon;
				ASSETCATALOG_COMPILER_GLOBAL_ACCENT_COLOR_NAME = AccentColor;
				CODE_SIGN_ENTITLEMENTS = TOMO/TOMO.entitlements;
				CODE_SIGN_STYLE = Automatic;
				CURRENT_PROJECT_VERSION = 1;
				DEVELOPMENT_TEAM = BYJ3PV93Y9;
				ENABLE_PREVIEWS = YES;
				GENERATE_INFOPLIST_FILE = YES;
				INFOPLIST_FILE = TOMO/Info.plist;
				INFOPLIST_KEY_UIApplicationSceneManifest_Generation = YES;
				INFOPLIST_KEY_UIApplicationSupportsIndirectInputEvents = YES;
				INFOPLIST_KEY_UILaunchScreen_Generation = YES;
				INFOPLIST_KEY_UISupportedInterfaceOrientations_iPad = "UIInterfaceOrientationPortrait UIInterfaceOrientationPortraitUpsideDown UIInterfaceOrientationLandscapeLeft UIInterfaceOrientationLandscapeRight";
				INFOPLIST_KEY_UISupportedInterfaceOrientations_iPhone = "UIInterfaceOrientationPortrait UIInterfaceOrientationLandscapeLeft UIInterfaceOrientationLandscapeRight";
				LD_RUNPATH_SEARCH_PATHS = (
					"$(inherited)",
					"@executable_path/Frameworks",
				);
				MARKETING_VERSION = 1.0;
				PRODUCT_BUNDLE_IDENTIFIER = geonu.hansung.ac.kr.TOMO;
				PRODUCT_NAME = "$(TARGET_NAME)";
				SWIFT_EMIT_LOC_STRINGS = YES;
				SWIFT_VERSION = 5.0;
				TARGETED_DEVICE_FAMILY = "1,2";
			};
			name = Release;
		};
		046F52122DF72A1400AC661D /* Debug */ = {
			isa = XCBuildConfiguration;
			buildSettings = {
				ASSETCATALOG_COMPILER_GLOBAL_ACCENT_COLOR_NAME = AccentColor;
				ASSETCATALOG_COMPILER_WIDGET_BACKGROUND_COLOR_NAME = WidgetBackground;
				CODE_SIGN_ENTITLEMENTS = TOMOWidgetExtension.entitlements;
				CODE_SIGN_STYLE = Automatic;
				CURRENT_PROJECT_VERSION = 1;
				DEVELOPMENT_TEAM = BYJ3PV93Y9;
				GENERATE_INFOPLIST_FILE = YES;
				INFOPLIST_FILE = TOMOWidget/Info.plist;
				INFOPLIST_KEY_CFBundleDisplayName = TOMOWidget;
				INFOPLIST_KEY_NSHumanReadableCopyright = "";
				LD_RUNPATH_SEARCH_PATHS = (
					"$(inherited)",
					"@executable_path/Frameworks",
					"@executable_path/../../Frameworks",
				);
				MARKETING_VERSION = 1.0;
				PRODUCT_BUNDLE_IDENTIFIER = geonu.hansung.ac.kr.TOMO.TOMOWidget;
				PRODUCT_NAME = "$(TARGET_NAME)";
				SKIP_INSTALL = YES;
				SWIFT_EMIT_LOC_STRINGS = YES;
				SWIFT_VERSION = 5.0;
				TARGETED_DEVICE_FAMILY = "1,2";
			};
			name = Debug;
		};
		046F52132DF72A1400AC661D /* Release */ = {
			isa = XCBuildConfiguration;
			buildSettings = {
				ASSETCATALOG_COMPILER_GLOBAL_ACCENT_COLOR_NAME = AccentColor;
				ASSETCATALOG_COMPILER_WIDGET_BACKGROUND_COLOR_NAME = WidgetBackground;
				CODE_SIGN_ENTITLEMENTS = TOMOWidgetExtension.entitlements;
				CODE_SIGN_STYLE = Automatic;
				CURRENT_PROJECT_VERSION = 1;
				DEVELOPMENT_TEAM = BYJ3PV93Y9;
				GENERATE_INFOPLIST_FILE = YES;
				INFOPLIST_FILE = TOMOWidget/Info.plist;
				INFOPLIST_KEY_CFBundleDisplayName = TOMOWidget;
				INFOPLIST_KEY_NSHumanReadableCopyright = "";
				LD_RUNPATH_SEARCH_PATHS = (
					"$(inherited)",
					"@executable_path/Frameworks",
					"@executable_path/../../Frameworks",
				);
				MARKETING_VERSION = 1.0;
				PRODUCT_BUNDLE_IDENTIFIER = geonu.hansung.ac.kr.TOMO.TOMOWidget;
				PRODUCT_NAME = "$(TARGET_NAME)";
				SKIP_INSTALL = YES;
				SWIFT_EMIT_LOC_STRINGS = YES;
				SWIFT_VERSION = 5.0;
				TARGETED_DEVICE_FAMILY = "1,2";
			};
			name = Release;
		};
/* End XCBuildConfiguration section */

/* Begin XCConfigurationList section */
		046F51CC2DF6BA2D00AC661D /* Build configuration list for PBXProject "TOMO" */ = {
			isa = XCConfigurationList;
			buildConfigurations = (
				046F51DA2DF6BA2F00AC661D /* Debug */,
				046F51DB2DF6BA2F00AC661D /* Release */,
			);
			defaultConfigurationIsVisible = 0;
			defaultConfigurationName = Release;
		};
		046F51DC2DF6BA2F00AC661D /* Build configuration list for PBXNativeTarget "TOMO" */ = {
			isa = XCConfigurationList;
			buildConfigurations = (
				046F51DD2DF6BA2F00AC661D /* Debug */,
				046F51DE2DF6BA2F00AC661D /* Release */,
			);
			defaultConfigurationIsVisible = 0;
			defaultConfigurationName = Release;
		};
		046F52112DF72A1400AC661D /* Build configuration list for PBXNativeTarget "TOMOWidgetExtension" */ = {
			isa = XCConfigurationList;
			buildConfigurations = (
				046F52122DF72A1400AC661D /* Debug */,
				046F52132DF72A1400AC661D /* Release */,
			);
			defaultConfigurationIsVisible = 0;
			defaultConfigurationName = Release;
		};
/* End XCConfigurationList section */

/* Begin XCRemoteSwiftPackageReference section */
		046F52312DF9D88300AC661D /* XCRemoteSwiftPackageReference "FSCalendar" */ = {
			isa = XCRemoteSwiftPackageReference;
			repositoryURL = "https://github.com/WenchaoD/FSCalendar.git";
			requirement = {
				kind = upToNextMajorVersion;
				minimumVersion = 2.8.4;
			};
		};
		0484B4512DFAC90400B336D3 /* XCRemoteSwiftPackageReference "firebase-ios-sdk" */ = {
			isa = XCRemoteSwiftPackageReference;
			repositoryURL = "https://github.com/firebase/firebase-ios-sdk.git";
			requirement = {
				kind = upToNextMajorVersion;
				minimumVersion = 11.14.0;
			};
		};
/* End XCRemoteSwiftPackageReference section */

/* Begin XCSwiftPackageProductDependency section */
		046F52352DF9D98D00AC661D /* FSCalendar */ = {
			isa = XCSwiftPackageProductDependency;
			package = 046F52312DF9D88300AC661D /* XCRemoteSwiftPackageReference "FSCalendar" */;
			productName = FSCalendar;
		};
		046F52372DF9D99C00AC661D /* FSCalendar */ = {
			isa = XCSwiftPackageProductDependency;
			package = 046F52312DF9D88300AC661D /* XCRemoteSwiftPackageReference "FSCalendar" */;
			productName = FSCalendar;
		};
		0484B4522DFAC90400B336D3 /* FirebaseCore */ = {
			isa = XCSwiftPackageProductDependency;
			package = 0484B4512DFAC90400B336D3 /* XCRemoteSwiftPackageReference "firebase-ios-sdk" */;
			productName = FirebaseCore;
		};
		0484B4542DFAC90400B336D3 /* FirebaseFirestore */ = {
			isa = XCSwiftPackageProductDependency;
			package = 0484B4512DFAC90400B336D3 /* XCRemoteSwiftPackageReference "firebase-ios-sdk" */;
			productName = FirebaseFirestore;
		};
		0484B4562DFAC90400B336D3 /* FirebaseFunctions */ = {
			isa = XCSwiftPackageProductDependency;
			package = 0484B4512DFAC90400B336D3 /* XCRemoteSwiftPackageReference "firebase-ios-sdk" */;
			productName = FirebaseFunctions;
		};
/* End XCSwiftPackageProductDependency section */
	};
	rootObject = 046F51C92DF6BA2D00AC661D /* Project object */;
}
